// !$*UTF8*$!
{
	archiveVersion = 1;
	classes = {
	};
	objectVersion = 50;
	objects = {

/* Begin PBXBuildFile section */
		4859564922789F7800F992EF /* BXKeychain.swift in Sources */ = {isa = PBXBuildFile; fileRef = 4859564822789F7800F992EF /* BXKeychain.swift */; };
		489214D32272060C00D05999 /* DispatchQueue+backgroundQueue.swift in Sources */ = {isa = PBXBuildFile; fileRef = 489214D22272060C00D05999 /* DispatchQueue+backgroundQueue.swift */; };
		48A9508B2289F675001F58BF /* AccessToken.swift in Sources */ = {isa = PBXBuildFile; fileRef = 48A9508A2289F675001F58BF /* AccessToken.swift */; };
		48A9508D2289F6AC001F58BF /* AccountInfo.swift in Sources */ = {isa = PBXBuildFile; fileRef = 48A9508C2289F6AC001F58BF /* AccountInfo.swift */; };
		48A9508F2289F6D1001F58BF /* BXYouTubeUploadController+Category.swift in Sources */ = {isa = PBXBuildFile; fileRef = 48A9508E2289F6D0001F58BF /* BXYouTubeUploadController+Category.swift */; };
		48A950912289F6F9001F58BF /* BXYouTubeUploadControllerDelegate.swift in Sources */ = {isa = PBXBuildFile; fileRef = 48A950902289F6F9001F58BF /* BXYouTubeUploadControllerDelegate.swift */; };
		48A950932289F71C001F58BF /* BXYouTubeAuthenticationControllerDelegate.swift in Sources */ = {isa = PBXBuildFile; fileRef = 48A950922289F71C001F58BF /* BXYouTubeAuthenticationControllerDelegate.swift */; };
		48A950952289F74E001F58BF /* BXYouTubeUploadController+UploadItem.swift in Sources */ = {isa = PBXBuildFile; fileRef = 48A950942289F74E001F58BF /* BXYouTubeUploadController+UploadItem.swift */; };
		48B96C872260C50100E89EF6 /* BXYouTubeNetworkHelpers.swift in Sources */ = {isa = PBXBuildFile; fileRef = 48B96C862260C50100E89EF6 /* BXYouTubeNetworkHelpers.swift */; };
		48B96C892260DBFA00E89EF6 /* URL+fileSize.swift in Sources */ = {isa = PBXBuildFile; fileRef = 48B96C882260DBFA00E89EF6 /* URL+fileSize.swift */; };
		48B96C8D2265972C00E89EF6 /* movie.mov in Resources */ = {isa = PBXBuildFile; fileRef = 48B96C8C2265972C00E89EF6 /* movie.mov */; };
		D05AB190225F48F300205C7F /* BXYouTubeSharingAppDelegate.swift in Sources */ = {isa = PBXBuildFile; fileRef = D05AB18F225F48F300205C7F /* BXYouTubeSharingAppDelegate.swift */; };
		D05AB192225F48F300205C7F /* BXYouTubeSharingViewController.swift in Sources */ = {isa = PBXBuildFile; fileRef = D05AB191225F48F300205C7F /* BXYouTubeSharingViewController.swift */; };
		D05AB195225F48F300205C7F /* Main.storyboard in Resources */ = {isa = PBXBuildFile; fileRef = D05AB193225F48F300205C7F /* Main.storyboard */; };
		D05AB197225F48F400205C7F /* Assets.xcassets in Resources */ = {isa = PBXBuildFile; fileRef = D05AB196225F48F400205C7F /* Assets.xcassets */; };
		D05AB19A225F48F400205C7F /* LaunchScreen.storyboard in Resources */ = {isa = PBXBuildFile; fileRef = D05AB198225F48F400205C7F /* LaunchScreen.storyboard */; };
		D05AB1AD225F49AA00205C7F /* BXYouTubeSharing.framework in Frameworks */ = {isa = PBXBuildFile; fileRef = D05AB1A4225F49AA00205C7F /* BXYouTubeSharing.framework */; };
		D05AB1B4225F49AA00205C7F /* BXYouTubeSharing_Tests.swift in Sources */ = {isa = PBXBuildFile; fileRef = D05AB1B3225F49AA00205C7F /* BXYouTubeSharing_Tests.swift */; };
		D05AB1B6225F49AA00205C7F /* BXYouTubeSharing_Framework.h in Headers */ = {isa = PBXBuildFile; fileRef = D05AB1A6225F49AA00205C7F /* BXYouTubeSharing_Framework.h */; settings = {ATTRIBUTES = (Public, ); }; };
		D05AB1B9225F49AA00205C7F /* BXYouTubeSharing.framework in Frameworks */ = {isa = PBXBuildFile; fileRef = D05AB1A4225F49AA00205C7F /* BXYouTubeSharing.framework */; };
		D05AB1BA225F49AA00205C7F /* BXYouTubeSharing.framework in Embed Frameworks */ = {isa = PBXBuildFile; fileRef = D05AB1A4225F49AA00205C7F /* BXYouTubeSharing.framework */; settings = {ATTRIBUTES = (CodeSignOnCopy, RemoveHeadersOnCopy, ); }; };
		D05AB1C9225F837C00205C7F /* BXYouTubeUploadController.swift in Sources */ = {isa = PBXBuildFile; fileRef = D05AB1C7225F810200205C7F /* BXYouTubeUploadController.swift */; };
		D05AB1D2225F913700205C7F /* ShareViewController.swift in Sources */ = {isa = PBXBuildFile; fileRef = D05AB1D1225F913700205C7F /* ShareViewController.swift */; };
		D05AB1D5225F913700205C7F /* MainInterface.storyboard in Resources */ = {isa = PBXBuildFile; fileRef = D05AB1D3225F913700205C7F /* MainInterface.storyboard */; };
		D05AB1D9225F913700205C7F /* BXYouTubeSharing-Extension.appex in Embed App Extensions */ = {isa = PBXBuildFile; fileRef = D05AB1CF225F913700205C7F /* BXYouTubeSharing-Extension.appex */; settings = {ATTRIBUTES = (RemoveHeadersOnCopy, ); }; };
		D08CEB46226F76AA00F88170 /* BXYouTubeAuthenticationController.swift in Sources */ = {isa = PBXBuildFile; fileRef = D08CEB45226F76AA00F88170 /* BXYouTubeAuthenticationController.swift */; };
		D0987D5C226F5E2A00BCF772 /* BXMainThreadDelegate.swift in Sources */ = {isa = PBXBuildFile; fileRef = D0987D5B226F5E2A00BCF772 /* BXMainThreadDelegate.swift */; };
		D0A95D30228EA9C700256A36 /* Bundle+BXYouTubeSharing.swift in Sources */ = {isa = PBXBuildFile; fileRef = D0A95D2F228EA9C700256A36 /* Bundle+BXYouTubeSharing.swift */; };
		D0A95D33228EAA7700256A36 /* Localizable.strings in Resources */ = {isa = PBXBuildFile; fileRef = D0A95D35228EAA7700256A36 /* Localizable.strings */; };
/* End PBXBuildFile section */

/* Begin PBXContainerItemProxy section */
		D05AB1AE225F49AA00205C7F /* PBXContainerItemProxy */ = {
			isa = PBXContainerItemProxy;
			containerPortal = D05AB12B225DF48100205C7F /* Project object */;
			proxyType = 1;
			remoteGlobalIDString = D05AB1A3225F49AA00205C7F;
			remoteInfo = "BXYouTubeSharing-Framework";
		};
		D05AB1B0225F49AA00205C7F /* PBXContainerItemProxy */ = {
			isa = PBXContainerItemProxy;
			containerPortal = D05AB12B225DF48100205C7F /* Project object */;
			proxyType = 1;
			remoteGlobalIDString = D05AB18C225F48F300205C7F;
			remoteInfo = "BXYouTubeSharing-TestApp";
		};
		D05AB1B7225F49AA00205C7F /* PBXContainerItemProxy */ = {
			isa = PBXContainerItemProxy;
			containerPortal = D05AB12B225DF48100205C7F /* Project object */;
			proxyType = 1;
			remoteGlobalIDString = D05AB1A3225F49AA00205C7F;
			remoteInfo = "BXYouTubeSharing-Framework";
		};
		D05AB1D7225F913700205C7F /* PBXContainerItemProxy */ = {
			isa = PBXContainerItemProxy;
			containerPortal = D05AB12B225DF48100205C7F /* Project object */;
			proxyType = 1;
			remoteGlobalIDString = D05AB1CE225F913700205C7F;
			remoteInfo = "BXYouTubeSharing-Extension";
		};
/* End PBXContainerItemProxy section */

/* Begin PBXCopyFilesBuildPhase section */
		D05AB1BE225F49AA00205C7F /* Embed Frameworks */ = {
			isa = PBXCopyFilesBuildPhase;
			buildActionMask = 2147483647;
			dstPath = "";
			dstSubfolderSpec = 10;
			files = (
				D05AB1BA225F49AA00205C7F /* BXYouTubeSharing.framework in Embed Frameworks */,
			);
			name = "Embed Frameworks";
			runOnlyForDeploymentPostprocessing = 0;
		};
		D05AB1DD225F913700205C7F /* Embed App Extensions */ = {
			isa = PBXCopyFilesBuildPhase;
			buildActionMask = 2147483647;
			dstPath = "";
			dstSubfolderSpec = 13;
			files = (
				D05AB1D9225F913700205C7F /* BXYouTubeSharing-Extension.appex in Embed App Extensions */,
			);
			name = "Embed App Extensions";
			runOnlyForDeploymentPostprocessing = 0;
		};
/* End PBXCopyFilesBuildPhase section */

/* Begin PBXFileReference section */
		4859564822789F7800F992EF /* BXKeychain.swift */ = {isa = PBXFileReference; lastKnownFileType = sourcecode.swift; path = BXKeychain.swift; sourceTree = "<group>"; };
		489214D22272060C00D05999 /* DispatchQueue+backgroundQueue.swift */ = {isa = PBXFileReference; lastKnownFileType = sourcecode.swift; path = "DispatchQueue+backgroundQueue.swift"; sourceTree = "<group>"; };
		48A9508A2289F675001F58BF /* AccessToken.swift */ = {isa = PBXFileReference; lastKnownFileType = sourcecode.swift; path = AccessToken.swift; sourceTree = "<group>"; };
		48A9508C2289F6AC001F58BF /* AccountInfo.swift */ = {isa = PBXFileReference; lastKnownFileType = sourcecode.swift; path = AccountInfo.swift; sourceTree = "<group>"; };
		48A9508E2289F6D0001F58BF /* BXYouTubeUploadController+Category.swift */ = {isa = PBXFileReference; lastKnownFileType = sourcecode.swift; path = "BXYouTubeUploadController+Category.swift"; sourceTree = "<group>"; };
		48A950902289F6F9001F58BF /* BXYouTubeUploadControllerDelegate.swift */ = {isa = PBXFileReference; lastKnownFileType = sourcecode.swift; path = BXYouTubeUploadControllerDelegate.swift; sourceTree = "<group>"; };
		48A950922289F71C001F58BF /* BXYouTubeAuthenticationControllerDelegate.swift */ = {isa = PBXFileReference; lastKnownFileType = sourcecode.swift; path = BXYouTubeAuthenticationControllerDelegate.swift; sourceTree = "<group>"; };
		48A950942289F74E001F58BF /* BXYouTubeUploadController+UploadItem.swift */ = {isa = PBXFileReference; lastKnownFileType = sourcecode.swift; path = "BXYouTubeUploadController+UploadItem.swift"; sourceTree = "<group>"; };
		48B96C862260C50100E89EF6 /* BXYouTubeNetworkHelpers.swift */ = {isa = PBXFileReference; lastKnownFileType = sourcecode.swift; path = BXYouTubeNetworkHelpers.swift; sourceTree = "<group>"; };
		48B96C882260DBFA00E89EF6 /* URL+fileSize.swift */ = {isa = PBXFileReference; lastKnownFileType = sourcecode.swift; path = "URL+fileSize.swift"; sourceTree = "<group>"; };
		48B96C8C2265972C00E89EF6 /* movie.mov */ = {isa = PBXFileReference; lastKnownFileType = video.quicktime; name = movie.mov; path = ../../../Desktop/movie.mov; sourceTree = "<group>"; };
		D05AB18D225F48F300205C7F /* BXYouTubeSharing-App.app */ = {isa = PBXFileReference; explicitFileType = wrapper.application; includeInIndex = 0; path = "BXYouTubeSharing-App.app"; sourceTree = BUILT_PRODUCTS_DIR; };
		D05AB18F225F48F300205C7F /* BXYouTubeSharingAppDelegate.swift */ = {isa = PBXFileReference; lastKnownFileType = sourcecode.swift; path = BXYouTubeSharingAppDelegate.swift; sourceTree = "<group>"; };
		D05AB191225F48F300205C7F /* BXYouTubeSharingViewController.swift */ = {isa = PBXFileReference; lastKnownFileType = sourcecode.swift; path = BXYouTubeSharingViewController.swift; sourceTree = "<group>"; };
		D05AB194225F48F300205C7F /* Base */ = {isa = PBXFileReference; lastKnownFileType = file.storyboard; name = Base; path = Base.lproj/Main.storyboard; sourceTree = "<group>"; };
		D05AB196225F48F400205C7F /* Assets.xcassets */ = {isa = PBXFileReference; lastKnownFileType = folder.assetcatalog; path = Assets.xcassets; sourceTree = "<group>"; };
		D05AB199225F48F400205C7F /* Base */ = {isa = PBXFileReference; lastKnownFileType = file.storyboard; name = Base; path = Base.lproj/LaunchScreen.storyboard; sourceTree = "<group>"; };
		D05AB19B225F48F400205C7F /* Info.plist */ = {isa = PBXFileReference; lastKnownFileType = text.plist.xml; path = Info.plist; sourceTree = "<group>"; };
		D05AB1A4225F49AA00205C7F /* BXYouTubeSharing.framework */ = {isa = PBXFileReference; explicitFileType = wrapper.framework; includeInIndex = 0; path = BXYouTubeSharing.framework; sourceTree = BUILT_PRODUCTS_DIR; };
		D05AB1A6225F49AA00205C7F /* BXYouTubeSharing_Framework.h */ = {isa = PBXFileReference; lastKnownFileType = sourcecode.c.h; path = BXYouTubeSharing_Framework.h; sourceTree = "<group>"; };
		D05AB1A7225F49AA00205C7F /* Info.plist */ = {isa = PBXFileReference; lastKnownFileType = text.plist.xml; path = Info.plist; sourceTree = "<group>"; };
		D05AB1AC225F49AA00205C7F /* BXYouTubeSharing-Tests.xctest */ = {isa = PBXFileReference; explicitFileType = wrapper.cfbundle; includeInIndex = 0; path = "BXYouTubeSharing-Tests.xctest"; sourceTree = BUILT_PRODUCTS_DIR; };
		D05AB1B3225F49AA00205C7F /* BXYouTubeSharing_Tests.swift */ = {isa = PBXFileReference; lastKnownFileType = sourcecode.swift; path = BXYouTubeSharing_Tests.swift; sourceTree = "<group>"; };
		D05AB1B5225F49AA00205C7F /* Info.plist */ = {isa = PBXFileReference; lastKnownFileType = text.plist.xml; path = Info.plist; sourceTree = "<group>"; };
		D05AB1C3225F6E7000205C7F /* en */ = {isa = PBXFileReference; lastKnownFileType = text.plist.strings; name = en; path = en.lproj/Main.strings; sourceTree = "<group>"; };
		D05AB1C5225F6E7400205C7F /* en */ = {isa = PBXFileReference; lastKnownFileType = text.plist.strings; name = en; path = en.lproj/LaunchScreen.strings; sourceTree = "<group>"; };
		D05AB1C6225F766100205C7F /* BXYouTubeSharing.xcconfig */ = {isa = PBXFileReference; lastKnownFileType = text.xcconfig; path = BXYouTubeSharing.xcconfig; sourceTree = SOURCE_ROOT; };
		D05AB1C7225F810200205C7F /* BXYouTubeUploadController.swift */ = {isa = PBXFileReference; fileEncoding = 4; lastKnownFileType = sourcecode.swift; path = BXYouTubeUploadController.swift; sourceTree = "<group>"; };
		D05AB1CF225F913700205C7F /* BXYouTubeSharing-Extension.appex */ = {isa = PBXFileReference; explicitFileType = "wrapper.app-extension"; includeInIndex = 0; path = "BXYouTubeSharing-Extension.appex"; sourceTree = BUILT_PRODUCTS_DIR; };
		D05AB1D1225F913700205C7F /* ShareViewController.swift */ = {isa = PBXFileReference; lastKnownFileType = sourcecode.swift; path = ShareViewController.swift; sourceTree = "<group>"; };
		D05AB1D4225F913700205C7F /* Base */ = {isa = PBXFileReference; lastKnownFileType = file.storyboard; name = Base; path = Base.lproj/MainInterface.storyboard; sourceTree = "<group>"; };
		D05AB1D6225F913700205C7F /* Info.plist */ = {isa = PBXFileReference; lastKnownFileType = text.plist.xml; path = Info.plist; sourceTree = "<group>"; };
		D08AC60F22844CB300DFBD66 /* PromiseKit.framework */ = {isa = PBXFileReference; explicitFileType = wrapper.framework; path = PromiseKit.framework; sourceTree = BUILT_PRODUCTS_DIR; };
		D08CEB45226F76AA00F88170 /* BXYouTubeAuthenticationController.swift */ = {isa = PBXFileReference; fileEncoding = 4; lastKnownFileType = sourcecode.swift; path = BXYouTubeAuthenticationController.swift; sourceTree = "<group>"; };
		D0987D54226EEA1300BCF772 /* de */ = {isa = PBXFileReference; lastKnownFileType = text.plist.strings; name = de; path = de.lproj/Main.strings; sourceTree = "<group>"; };
		D0987D58226EEA3100BCF772 /* fr */ = {isa = PBXFileReference; lastKnownFileType = text.plist.strings; name = fr; path = fr.lproj/Main.strings; sourceTree = "<group>"; };
		D0987D59226EEA3D00BCF772 /* de */ = {isa = PBXFileReference; lastKnownFileType = text.plist.strings; name = de; path = de.lproj/LaunchScreen.strings; sourceTree = "<group>"; };
		D0987D5A226EEA4000BCF772 /* fr */ = {isa = PBXFileReference; lastKnownFileType = text.plist.strings; name = fr; path = fr.lproj/LaunchScreen.strings; sourceTree = "<group>"; };
		D0987D5B226F5E2A00BCF772 /* BXMainThreadDelegate.swift */ = {isa = PBXFileReference; fileEncoding = 4; lastKnownFileType = sourcecode.swift; path = BXMainThreadDelegate.swift; sourceTree = "<group>"; };
		D0A95D2F228EA9C700256A36 /* Bundle+BXYouTubeSharing.swift */ = {isa = PBXFileReference; fileEncoding = 4; lastKnownFileType = sourcecode.swift; path = "Bundle+BXYouTubeSharing.swift"; sourceTree = "<group>"; };
		D0A95D34228EAA7700256A36 /* en */ = {isa = PBXFileReference; fileEncoding = 10; lastKnownFileType = text.plist.strings; name = en; path = en.lproj/Localizable.strings; sourceTree = "<group>"; };
		D0A95D36228EAA7900256A36 /* de */ = {isa = PBXFileReference; fileEncoding = 10; lastKnownFileType = text.plist.strings; name = de; path = de.lproj/Localizable.strings; sourceTree = "<group>"; };
		D0A95D37228EAA7A00256A36 /* fr */ = {isa = PBXFileReference; fileEncoding = 10; lastKnownFileType = text.plist.strings; name = fr; path = fr.lproj/Localizable.strings; sourceTree = "<group>"; };
/* End PBXFileReference section */

/* Begin PBXFrameworksBuildPhase section */
		D05AB18A225F48F300205C7F /* Frameworks */ = {
			isa = PBXFrameworksBuildPhase;
			buildActionMask = 2147483647;
			files = (
				D05AB1B9225F49AA00205C7F /* BXYouTubeSharing.framework in Frameworks */,
			);
			runOnlyForDeploymentPostprocessing = 0;
		};
		D05AB1A1225F49AA00205C7F /* Frameworks */ = {
			isa = PBXFrameworksBuildPhase;
			buildActionMask = 2147483647;
			files = (
			);
			runOnlyForDeploymentPostprocessing = 0;
		};
		D05AB1A9225F49AA00205C7F /* Frameworks */ = {
			isa = PBXFrameworksBuildPhase;
			buildActionMask = 2147483647;
			files = (
				D05AB1AD225F49AA00205C7F /* BXYouTubeSharing.framework in Frameworks */,
			);
			runOnlyForDeploymentPostprocessing = 0;
		};
		D05AB1CC225F913700205C7F /* Frameworks */ = {
			isa = PBXFrameworksBuildPhase;
			buildActionMask = 2147483647;
			files = (
			);
			runOnlyForDeploymentPostprocessing = 0;
		};
/* End PBXFrameworksBuildPhase section */

/* Begin PBXGroup section */
		48A950882289F63F001F58BF /* Authentication */ = {
			isa = PBXGroup;
			children = (
				D08CEB45226F76AA00F88170 /* BXYouTubeAuthenticationController.swift */,
				48A950922289F71C001F58BF /* BXYouTubeAuthenticationControllerDelegate.swift */,
				48A9508A2289F675001F58BF /* AccessToken.swift */,
				48A9508C2289F6AC001F58BF /* AccountInfo.swift */,
			);
			name = Authentication;
			sourceTree = "<group>";
		};
		48A950892289F648001F58BF /* Upload */ = {
			isa = PBXGroup;
			children = (
				D05AB1C7225F810200205C7F /* BXYouTubeUploadController.swift */,
				48A9508E2289F6D0001F58BF /* BXYouTubeUploadController+Category.swift */,
				48A950942289F74E001F58BF /* BXYouTubeUploadController+UploadItem.swift */,
				48A950902289F6F9001F58BF /* BXYouTubeUploadControllerDelegate.swift */,
			);
			name = Upload;
			sourceTree = "<group>";
		};
		48B96C8B2260E22700E89EF6 /* Helpers */ = {
			isa = PBXGroup;
			children = (
				48B96C862260C50100E89EF6 /* BXYouTubeNetworkHelpers.swift */,
				D0987D5B226F5E2A00BCF772 /* BXMainThreadDelegate.swift */,
				48B96C882260DBFA00E89EF6 /* URL+fileSize.swift */,
				489214D22272060C00D05999 /* DispatchQueue+backgroundQueue.swift */,
				4859564822789F7800F992EF /* BXKeychain.swift */,
				D0A95D2F228EA9C700256A36 /* Bundle+BXYouTubeSharing.swift */,
				D0A95D35228EAA7700256A36 /* Localizable.strings */,
			);
			name = Helpers;
			sourceTree = "<group>";
		};
		D05AB12A225DF48100205C7F = {
			isa = PBXGroup;
			children = (
				D05AB1C6225F766100205C7F /* BXYouTubeSharing.xcconfig */,
				D05AB18E225F48F300205C7F /* App */,
				D05AB1A5225F49AA00205C7F /* Framework */,
				D05AB1B2225F49AA00205C7F /* Tests */,
				D05AB1D0225F913700205C7F /* Extension */,
				D05AB134225DF48100205C7F /* Products */,
				D05AB1DE225F926700205C7F /* Frameworks */,
			);
			sourceTree = "<group>";
		};
		D05AB134225DF48100205C7F /* Products */ = {
			isa = PBXGroup;
			children = (
				D05AB18D225F48F300205C7F /* BXYouTubeSharing-App.app */,
				D05AB1A4225F49AA00205C7F /* BXYouTubeSharing.framework */,
				D05AB1AC225F49AA00205C7F /* BXYouTubeSharing-Tests.xctest */,
				D05AB1CF225F913700205C7F /* BXYouTubeSharing-Extension.appex */,
			);
			name = Products;
			sourceTree = "<group>";
		};
		D05AB18E225F48F300205C7F /* App */ = {
			isa = PBXGroup;
			children = (
				D05AB19B225F48F400205C7F /* Info.plist */,
				D05AB18F225F48F300205C7F /* BXYouTubeSharingAppDelegate.swift */,
				D05AB191225F48F300205C7F /* BXYouTubeSharingViewController.swift */,
				48B96C8C2265972C00E89EF6 /* movie.mov */,
				D05AB193225F48F300205C7F /* Main.storyboard */,
				D05AB198225F48F400205C7F /* LaunchScreen.storyboard */,
				D05AB196225F48F400205C7F /* Assets.xcassets */,
			);
			path = App;
			sourceTree = "<group>";
		};
		D05AB1A5225F49AA00205C7F /* Framework */ = {
			isa = PBXGroup;
			children = (
				D05AB1A7225F49AA00205C7F /* Info.plist */,
				D05AB1A6225F49AA00205C7F /* BXYouTubeSharing_Framework.h */,
				48A950892289F648001F58BF /* Upload */,
				48A950882289F63F001F58BF /* Authentication */,
				48B96C8B2260E22700E89EF6 /* Helpers */,
			);
			path = Framework;
			sourceTree = "<group>";
		};
		D05AB1B2225F49AA00205C7F /* Tests */ = {
			isa = PBXGroup;
			children = (
				D05AB1B5225F49AA00205C7F /* Info.plist */,
				D05AB1B3225F49AA00205C7F /* BXYouTubeSharing_Tests.swift */,
			);
			path = Tests;
			sourceTree = "<group>";
		};
		D05AB1D0225F913700205C7F /* Extension */ = {
			isa = PBXGroup;
			children = (
				D05AB1D6225F913700205C7F /* Info.plist */,
				D05AB1D1225F913700205C7F /* ShareViewController.swift */,
				D05AB1D3225F913700205C7F /* MainInterface.storyboard */,
			);
			path = Extension;
			sourceTree = "<group>";
		};
		D05AB1DE225F926700205C7F /* Frameworks */ = {
			isa = PBXGroup;
			children = (
				D08AC60F22844CB300DFBD66 /* PromiseKit.framework */,
			);
			name = Frameworks;
			sourceTree = "<group>";
		};
/* End PBXGroup section */

/* Begin PBXHeadersBuildPhase section */
		D05AB19F225F49AA00205C7F /* Headers */ = {
			isa = PBXHeadersBuildPhase;
			buildActionMask = 2147483647;
			files = (
				D05AB1B6225F49AA00205C7F /* BXYouTubeSharing_Framework.h in Headers */,
			);
			runOnlyForDeploymentPostprocessing = 0;
		};
/* End PBXHeadersBuildPhase section */

/* Begin PBXNativeTarget section */
		D05AB18C225F48F300205C7F /* BXYouTubeSharing-App */ = {
			isa = PBXNativeTarget;
			buildConfigurationList = D05AB19C225F48F400205C7F /* Build configuration list for PBXNativeTarget "BXYouTubeSharing-App" */;
			buildPhases = (
				D05AB189225F48F300205C7F /* Sources */,
				D05AB18A225F48F300205C7F /* Frameworks */,
				D05AB18B225F48F300205C7F /* Resources */,
				D05AB1BE225F49AA00205C7F /* Embed Frameworks */,
				D05AB1DD225F913700205C7F /* Embed App Extensions */,
			);
			buildRules = (
			);
			dependencies = (
				D05AB1B8225F49AA00205C7F /* PBXTargetDependency */,
				D05AB1D8225F913700205C7F /* PBXTargetDependency */,
			);
			name = "BXYouTubeSharing-App";
			productName = "BXYouTubeSharing-TestApp";
			productReference = D05AB18D225F48F300205C7F /* BXYouTubeSharing-App.app */;
			productType = "com.apple.product-type.application";
		};
		D05AB1A3225F49AA00205C7F /* BXYouTubeSharing-Framework */ = {
			isa = PBXNativeTarget;
			buildConfigurationList = D05AB1BB225F49AA00205C7F /* Build configuration list for PBXNativeTarget "BXYouTubeSharing-Framework" */;
			buildPhases = (
				D05AB19F225F49AA00205C7F /* Headers */,
				D05AB1A0225F49AA00205C7F /* Sources */,
				D05AB1A1225F49AA00205C7F /* Frameworks */,
				D05AB1A2225F49AA00205C7F /* Resources */,
			);
			buildRules = (
			);
			dependencies = (
			);
			name = "BXYouTubeSharing-Framework";
			productName = "BXYouTubeSharing-Framework";
			productReference = D05AB1A4225F49AA00205C7F /* BXYouTubeSharing.framework */;
			productType = "com.apple.product-type.framework";
		};
		D05AB1AB225F49AA00205C7F /* BXYouTubeSharing-Tests */ = {
			isa = PBXNativeTarget;
			buildConfigurationList = D05AB1BF225F49AA00205C7F /* Build configuration list for PBXNativeTarget "BXYouTubeSharing-Tests" */;
			buildPhases = (
				D05AB1A8225F49AA00205C7F /* Sources */,
				D05AB1A9225F49AA00205C7F /* Frameworks */,
				D05AB1AA225F49AA00205C7F /* Resources */,
			);
			buildRules = (
			);
			dependencies = (
				D05AB1AF225F49AA00205C7F /* PBXTargetDependency */,
				D05AB1B1225F49AA00205C7F /* PBXTargetDependency */,
			);
			name = "BXYouTubeSharing-Tests";
			productName = "BXYouTubeSharing-FrameworkTests";
			productReference = D05AB1AC225F49AA00205C7F /* BXYouTubeSharing-Tests.xctest */;
			productType = "com.apple.product-type.bundle.unit-test";
		};
		D05AB1CE225F913700205C7F /* BXYouTubeSharing-Extension */ = {
			isa = PBXNativeTarget;
			buildConfigurationList = D05AB1DA225F913700205C7F /* Build configuration list for PBXNativeTarget "BXYouTubeSharing-Extension" */;
			buildPhases = (
				D05AB1CB225F913700205C7F /* Sources */,
				D05AB1CC225F913700205C7F /* Frameworks */,
				D05AB1CD225F913700205C7F /* Resources */,
			);
			buildRules = (
			);
			dependencies = (
			);
			name = "BXYouTubeSharing-Extension";
			productName = "BXYouTubeSharing-Extension";
			productReference = D05AB1CF225F913700205C7F /* BXYouTubeSharing-Extension.appex */;
			productType = "com.apple.product-type.app-extension";
		};
/* End PBXNativeTarget section */

/* Begin PBXProject section */
		D05AB12B225DF48100205C7F /* Project object */ = {
			isa = PBXProject;
			attributes = {
				DefaultBuildSystemTypeForWorkspace = Original;
				KnownAssetTags = (
					New,
				);
				LastSwiftUpdateCheck = 1020;
				LastUpgradeCheck = 1020;
				ORGANIZATIONNAME = "Boinx Software Ltd. & Imagine GbR";
				TargetAttributes = {
					D05AB18C225F48F300205C7F = {
						CreatedOnToolsVersion = 10.2;
					};
					D05AB1A3225F49AA00205C7F = {
						CreatedOnToolsVersion = 10.2;
					};
					D05AB1AB225F49AA00205C7F = {
						CreatedOnToolsVersion = 10.2;
						TestTargetID = D05AB18C225F48F300205C7F;
					};
					D05AB1CE225F913700205C7F = {
						CreatedOnToolsVersion = 10.2;
					};
				};
			};
			buildConfigurationList = D05AB12E225DF48100205C7F /* Build configuration list for PBXProject "BXYouTubeSharing" */;
			compatibilityVersion = "Xcode 9.3";
			developmentRegion = en;
			hasScannedForEncodings = 0;
			knownRegions = (
				en,
				Base,
				de,
				fr,
			);
			mainGroup = D05AB12A225DF48100205C7F;
			productRefGroup = D05AB134225DF48100205C7F /* Products */;
			projectDirPath = "";
			projectRoot = "";
			targets = (
				D05AB18C225F48F300205C7F /* BXYouTubeSharing-App */,
				D05AB1A3225F49AA00205C7F /* BXYouTubeSharing-Framework */,
				D05AB1AB225F49AA00205C7F /* BXYouTubeSharing-Tests */,
				D05AB1CE225F913700205C7F /* BXYouTubeSharing-Extension */,
			);
		};
/* End PBXProject section */

/* Begin PBXResourcesBuildPhase section */
		D05AB18B225F48F300205C7F /* Resources */ = {
			isa = PBXResourcesBuildPhase;
			buildActionMask = 2147483647;
			files = (
				48B96C8D2265972C00E89EF6 /* movie.mov in Resources */,
				D05AB19A225F48F400205C7F /* LaunchScreen.storyboard in Resources */,
				D05AB197225F48F400205C7F /* Assets.xcassets in Resources */,
				D05AB195225F48F300205C7F /* Main.storyboard in Resources */,
			);
			runOnlyForDeploymentPostprocessing = 0;
		};
		D05AB1A2225F49AA00205C7F /* Resources */ = {
			isa = PBXResourcesBuildPhase;
			buildActionMask = 2147483647;
			files = (
				D0A95D33228EAA7700256A36 /* Localizable.strings in Resources */,
			);
			runOnlyForDeploymentPostprocessing = 0;
		};
		D05AB1AA225F49AA00205C7F /* Resources */ = {
			isa = PBXResourcesBuildPhase;
			buildActionMask = 2147483647;
			files = (
			);
			runOnlyForDeploymentPostprocessing = 0;
		};
		D05AB1CD225F913700205C7F /* Resources */ = {
			isa = PBXResourcesBuildPhase;
			buildActionMask = 2147483647;
			files = (
				D05AB1D5225F913700205C7F /* MainInterface.storyboard in Resources */,
			);
			runOnlyForDeploymentPostprocessing = 0;
		};
/* End PBXResourcesBuildPhase section */

/* Begin PBXSourcesBuildPhase section */
		D05AB189225F48F300205C7F /* Sources */ = {
			isa = PBXSourcesBuildPhase;
			buildActionMask = 2147483647;
			files = (
				D05AB192225F48F300205C7F /* BXYouTubeSharingViewController.swift in Sources */,
				D05AB190225F48F300205C7F /* BXYouTubeSharingAppDelegate.swift in Sources */,
			);
			runOnlyForDeploymentPostprocessing = 0;
		};
		D05AB1A0225F49AA00205C7F /* Sources */ = {
			isa = PBXSourcesBuildPhase;
			buildActionMask = 2147483647;
			files = (
				48A950932289F71C001F58BF /* BXYouTubeAuthenticationControllerDelegate.swift in Sources */,
				48B96C872260C50100E89EF6 /* BXYouTubeNetworkHelpers.swift in Sources */,
				48A950952289F74E001F58BF /* BXYouTubeUploadController+UploadItem.swift in Sources */,
				48A9508F2289F6D1001F58BF /* BXYouTubeUploadController+Category.swift in Sources */,
				4859564922789F7800F992EF /* BXKeychain.swift in Sources */,
				48A950912289F6F9001F58BF /* BXYouTubeUploadControllerDelegate.swift in Sources */,
				48B96C892260DBFA00E89EF6 /* URL+fileSize.swift in Sources */,
				D08CEB46226F76AA00F88170 /* BXYouTubeAuthenticationController.swift in Sources */,
				D0A95D30228EA9C700256A36 /* Bundle+BXYouTubeSharing.swift in Sources */,
				D05AB1C9225F837C00205C7F /* BXYouTubeUploadController.swift in Sources */,
				D0987D5C226F5E2A00BCF772 /* BXMainThreadDelegate.swift in Sources */,
				489214D32272060C00D05999 /* DispatchQueue+backgroundQueue.swift in Sources */,
				48A9508B2289F675001F58BF /* AccessToken.swift in Sources */,
				48A9508D2289F6AC001F58BF /* AccountInfo.swift in Sources */,
			);
			runOnlyForDeploymentPostprocessing = 0;
		};
		D05AB1A8225F49AA00205C7F /* Sources */ = {
			isa = PBXSourcesBuildPhase;
			buildActionMask = 2147483647;
			files = (
				D05AB1B4225F49AA00205C7F /* BXYouTubeSharing_Tests.swift in Sources */,
			);
			runOnlyForDeploymentPostprocessing = 0;
		};
		D05AB1CB225F913700205C7F /* Sources */ = {
			isa = PBXSourcesBuildPhase;
			buildActionMask = 2147483647;
			files = (
				D05AB1D2225F913700205C7F /* ShareViewController.swift in Sources */,
			);
			runOnlyForDeploymentPostprocessing = 0;
		};
/* End PBXSourcesBuildPhase section */

/* Begin PBXTargetDependency section */
		D05AB1AF225F49AA00205C7F /* PBXTargetDependency */ = {
			isa = PBXTargetDependency;
			target = D05AB1A3225F49AA00205C7F /* BXYouTubeSharing-Framework */;
			targetProxy = D05AB1AE225F49AA00205C7F /* PBXContainerItemProxy */;
		};
		D05AB1B1225F49AA00205C7F /* PBXTargetDependency */ = {
			isa = PBXTargetDependency;
			target = D05AB18C225F48F300205C7F /* BXYouTubeSharing-App */;
			targetProxy = D05AB1B0225F49AA00205C7F /* PBXContainerItemProxy */;
		};
		D05AB1B8225F49AA00205C7F /* PBXTargetDependency */ = {
			isa = PBXTargetDependency;
			target = D05AB1A3225F49AA00205C7F /* BXYouTubeSharing-Framework */;
			targetProxy = D05AB1B7225F49AA00205C7F /* PBXContainerItemProxy */;
		};
		D05AB1D8225F913700205C7F /* PBXTargetDependency */ = {
			isa = PBXTargetDependency;
			target = D05AB1CE225F913700205C7F /* BXYouTubeSharing-Extension */;
			targetProxy = D05AB1D7225F913700205C7F /* PBXContainerItemProxy */;
		};
/* End PBXTargetDependency section */

/* Begin PBXVariantGroup section */
		D05AB193225F48F300205C7F /* Main.storyboard */ = {
			isa = PBXVariantGroup;
			children = (
				D05AB194225F48F300205C7F /* Base */,
				D05AB1C3225F6E7000205C7F /* en */,
				D0987D54226EEA1300BCF772 /* de */,
				D0987D58226EEA3100BCF772 /* fr */,
			);
			name = Main.storyboard;
			sourceTree = "<group>";
		};
		D05AB198225F48F400205C7F /* LaunchScreen.storyboard */ = {
			isa = PBXVariantGroup;
			children = (
				D05AB199225F48F400205C7F /* Base */,
				D05AB1C5225F6E7400205C7F /* en */,
				D0987D59226EEA3D00BCF772 /* de */,
				D0987D5A226EEA4000BCF772 /* fr */,
			);
			name = LaunchScreen.storyboard;
			sourceTree = "<group>";
		};
		D05AB1D3225F913700205C7F /* MainInterface.storyboard */ = {
			isa = PBXVariantGroup;
			children = (
				D05AB1D4225F913700205C7F /* Base */,
			);
			name = MainInterface.storyboard;
			sourceTree = "<group>";
		};
		D0A95D35228EAA7700256A36 /* Localizable.strings */ = {
			isa = PBXVariantGroup;
			children = (
				D0A95D34228EAA7700256A36 /* en */,
				D0A95D36228EAA7900256A36 /* de */,
				D0A95D37228EAA7A00256A36 /* fr */,
			);
			name = Localizable.strings;
			sourceTree = "<group>";
		};
/* End PBXVariantGroup section */

/* Begin XCBuildConfiguration section */
		D05AB143225DF48300205C7F /* Debug */ = {
			isa = XCBuildConfiguration;
			baseConfigurationReference = D05AB1C6225F766100205C7F /* BXYouTubeSharing.xcconfig */;
			buildSettings = {
				ALWAYS_SEARCH_USER_PATHS = NO;
				CLANG_ANALYZER_NONNULL = YES;
				CLANG_ANALYZER_NUMBER_OBJECT_CONVERSION = YES_AGGRESSIVE;
				CLANG_CXX_LANGUAGE_STANDARD = "gnu++14";
				CLANG_CXX_LIBRARY = "libc++";
				CLANG_ENABLE_MODULES = YES;
				CLANG_ENABLE_OBJC_ARC = YES;
				CLANG_ENABLE_OBJC_WEAK = YES;
				CLANG_WARN_BLOCK_CAPTURE_AUTORELEASING = YES;
				CLANG_WARN_BOOL_CONVERSION = YES;
				CLANG_WARN_COMMA = YES;
				CLANG_WARN_CONSTANT_CONVERSION = YES;
				CLANG_WARN_DEPRECATED_OBJC_IMPLEMENTATIONS = YES;
				CLANG_WARN_DIRECT_OBJC_ISA_USAGE = YES_ERROR;
				CLANG_WARN_DOCUMENTATION_COMMENTS = YES;
				CLANG_WARN_EMPTY_BODY = YES;
				CLANG_WARN_ENUM_CONVERSION = YES;
				CLANG_WARN_INFINITE_RECURSION = YES;
				CLANG_WARN_INT_CONVERSION = YES;
				CLANG_WARN_NON_LITERAL_NULL_CONVERSION = YES;
				CLANG_WARN_OBJC_IMPLICIT_RETAIN_SELF = YES;
				CLANG_WARN_OBJC_LITERAL_CONVERSION = YES;
				CLANG_WARN_OBJC_ROOT_CLASS = YES_ERROR;
				CLANG_WARN_RANGE_LOOP_ANALYSIS = YES;
				CLANG_WARN_STRICT_PROTOTYPES = YES;
				CLANG_WARN_SUSPICIOUS_MOVE = YES;
				CLANG_WARN_UNGUARDED_AVAILABILITY = YES_AGGRESSIVE;
				CLANG_WARN_UNREACHABLE_CODE = YES;
				CLANG_WARN__DUPLICATE_METHOD_MATCH = YES;
				CODE_SIGN_IDENTITY = "iPhone Developer";
				COPY_PHASE_STRIP = NO;
				DEBUG_INFORMATION_FORMAT = dwarf;
				ENABLE_STRICT_OBJC_MSGSEND = YES;
				ENABLE_TESTABILITY = YES;
				GCC_C_LANGUAGE_STANDARD = gnu11;
				GCC_DYNAMIC_NO_PIC = NO;
				GCC_NO_COMMON_BLOCKS = YES;
				GCC_OPTIMIZATION_LEVEL = 0;
				GCC_PREPROCESSOR_DEFINITIONS = (
					"DEBUG=1",
					"$(inherited)",
				);
				GCC_WARN_64_TO_32_BIT_CONVERSION = YES;
				GCC_WARN_ABOUT_RETURN_TYPE = YES_ERROR;
				GCC_WARN_UNDECLARED_SELECTOR = YES;
				GCC_WARN_UNINITIALIZED_AUTOS = YES_AGGRESSIVE;
				GCC_WARN_UNUSED_FUNCTION = YES;
				GCC_WARN_UNUSED_VARIABLE = YES;
				MTL_ENABLE_DEBUG_INFO = INCLUDE_SOURCE;
				MTL_FAST_MATH = YES;
				ONLY_ACTIVE_ARCH = YES;
				SWIFT_ACTIVE_COMPILATION_CONDITIONS = DEBUG;
				SWIFT_OPTIMIZATION_LEVEL = "-Onone";
			};
			name = Debug;
		};
		D05AB144225DF48300205C7F /* Release */ = {
			isa = XCBuildConfiguration;
			baseConfigurationReference = D05AB1C6225F766100205C7F /* BXYouTubeSharing.xcconfig */;
			buildSettings = {
				ALWAYS_SEARCH_USER_PATHS = NO;
				CLANG_ANALYZER_NONNULL = YES;
				CLANG_ANALYZER_NUMBER_OBJECT_CONVERSION = YES_AGGRESSIVE;
				CLANG_CXX_LANGUAGE_STANDARD = "gnu++14";
				CLANG_CXX_LIBRARY = "libc++";
				CLANG_ENABLE_MODULES = YES;
				CLANG_ENABLE_OBJC_ARC = YES;
				CLANG_ENABLE_OBJC_WEAK = YES;
				CLANG_WARN_BLOCK_CAPTURE_AUTORELEASING = YES;
				CLANG_WARN_BOOL_CONVERSION = YES;
				CLANG_WARN_COMMA = YES;
				CLANG_WARN_CONSTANT_CONVERSION = YES;
				CLANG_WARN_DEPRECATED_OBJC_IMPLEMENTATIONS = YES;
				CLANG_WARN_DIRECT_OBJC_ISA_USAGE = YES_ERROR;
				CLANG_WARN_DOCUMENTATION_COMMENTS = YES;
				CLANG_WARN_EMPTY_BODY = YES;
				CLANG_WARN_ENUM_CONVERSION = YES;
				CLANG_WARN_INFINITE_RECURSION = YES;
				CLANG_WARN_INT_CONVERSION = YES;
				CLANG_WARN_NON_LITERAL_NULL_CONVERSION = YES;
				CLANG_WARN_OBJC_IMPLICIT_RETAIN_SELF = YES;
				CLANG_WARN_OBJC_LITERAL_CONVERSION = YES;
				CLANG_WARN_OBJC_ROOT_CLASS = YES_ERROR;
				CLANG_WARN_RANGE_LOOP_ANALYSIS = YES;
				CLANG_WARN_STRICT_PROTOTYPES = YES;
				CLANG_WARN_SUSPICIOUS_MOVE = YES;
				CLANG_WARN_UNGUARDED_AVAILABILITY = YES_AGGRESSIVE;
				CLANG_WARN_UNREACHABLE_CODE = YES;
				CLANG_WARN__DUPLICATE_METHOD_MATCH = YES;
				CODE_SIGN_IDENTITY = "iPhone Developer";
				COPY_PHASE_STRIP = NO;
				DEBUG_INFORMATION_FORMAT = "dwarf-with-dsym";
				ENABLE_NS_ASSERTIONS = NO;
				ENABLE_STRICT_OBJC_MSGSEND = YES;
				GCC_C_LANGUAGE_STANDARD = gnu11;
				GCC_NO_COMMON_BLOCKS = YES;
				GCC_WARN_64_TO_32_BIT_CONVERSION = YES;
				GCC_WARN_ABOUT_RETURN_TYPE = YES_ERROR;
				GCC_WARN_UNDECLARED_SELECTOR = YES;
				GCC_WARN_UNINITIALIZED_AUTOS = YES_AGGRESSIVE;
				GCC_WARN_UNUSED_FUNCTION = YES;
				GCC_WARN_UNUSED_VARIABLE = YES;
				MTL_ENABLE_DEBUG_INFO = NO;
				MTL_FAST_MATH = YES;
				SWIFT_COMPILATION_MODE = wholemodule;
				SWIFT_OPTIMIZATION_LEVEL = "-O";
				VALIDATE_PRODUCT = YES;
			};
			name = Release;
		};
		D05AB19D225F48F400205C7F /* Debug */ = {
			isa = XCBuildConfiguration;
			buildSettings = {
				ALWAYS_EMBED_SWIFT_STANDARD_LIBRARIES = YES;
				ASSETCATALOG_COMPILER_APPICON_NAME = AppIcon;
				CODE_SIGN_STYLE = Automatic;
				DEVELOPMENT_TEAM = 6372P8EH2J;
				INFOPLIST_FILE = App/Info.plist;
				LD_RUNPATH_SEARCH_PATHS = (
					"$(inherited)",
					"@executable_path/Frameworks",
				);
				PRODUCT_BUNDLE_IDENTIFIER = "com.boinx.BXYouTubeSharing-App";
				PRODUCT_NAME = "$(TARGET_NAME)";
				SDKROOT = iphoneos;
				SWIFT_VERSION = 5.0;
				TARGETED_DEVICE_FAMILY = "1,2";
			};
			name = Debug;
		};
		D05AB19E225F48F400205C7F /* Release */ = {
			isa = XCBuildConfiguration;
			buildSettings = {
				ALWAYS_EMBED_SWIFT_STANDARD_LIBRARIES = YES;
				ASSETCATALOG_COMPILER_APPICON_NAME = AppIcon;
				CODE_SIGN_STYLE = Automatic;
				DEVELOPMENT_TEAM = 6372P8EH2J;
				INFOPLIST_FILE = App/Info.plist;
				LD_RUNPATH_SEARCH_PATHS = (
					"$(inherited)",
					"@executable_path/Frameworks",
				);
				PRODUCT_BUNDLE_IDENTIFIER = "com.boinx.BXYouTubeSharing-App";
				PRODUCT_NAME = "$(TARGET_NAME)";
				SDKROOT = iphoneos;
				SWIFT_VERSION = 5.0;
				TARGETED_DEVICE_FAMILY = "1,2";
			};
			name = Release;
		};
		D05AB1BC225F49AA00205C7F /* Debug */ = {
			isa = XCBuildConfiguration;
			buildSettings = {
				CODE_SIGN_IDENTITY = "";
				CODE_SIGN_STYLE = Automatic;
				CURRENT_PROJECT_VERSION = 1;
				DEFINES_MODULE = YES;
				DEVELOPMENT_TEAM = 6372P8EH2J;
				DYLIB_COMPATIBILITY_VERSION = 1;
				DYLIB_CURRENT_VERSION = 1;
				DYLIB_INSTALL_NAME_BASE = "@rpath";
				INFOPLIST_FILE = Framework/Info.plist;
				INSTALL_PATH = "$(LOCAL_LIBRARY_DIR)/Frameworks";
				LD_DYLIB_INSTALL_NAME = "$(DYLIB_INSTALL_NAME_BASE:standardizepath)/$(EXECUTABLE_PATH)";
				PRODUCT_BUNDLE_IDENTIFIER = com.boinx.BXYouTubeSharing;
				PRODUCT_NAME = BXYouTubeSharing;
				SKIP_INSTALL = YES;
				TARGETED_DEVICE_FAMILY = "1,2";
				VERSIONING_SYSTEM = "apple-generic";
				VERSION_INFO_PREFIX = "";
			};
			name = Debug;
		};
		D05AB1BD225F49AA00205C7F /* Release */ = {
			isa = XCBuildConfiguration;
			buildSettings = {
				CODE_SIGN_IDENTITY = "";
				CODE_SIGN_STYLE = Automatic;
				CURRENT_PROJECT_VERSION = 1;
				DEFINES_MODULE = YES;
				DEVELOPMENT_TEAM = 6372P8EH2J;
				DYLIB_COMPATIBILITY_VERSION = 1;
				DYLIB_CURRENT_VERSION = 1;
				DYLIB_INSTALL_NAME_BASE = "@rpath";
				INFOPLIST_FILE = Framework/Info.plist;
				INSTALL_PATH = "$(LOCAL_LIBRARY_DIR)/Frameworks";
				LD_DYLIB_INSTALL_NAME = "$(DYLIB_INSTALL_NAME_BASE:standardizepath)/$(EXECUTABLE_PATH)";
				PRODUCT_BUNDLE_IDENTIFIER = com.boinx.BXYouTubeSharing;
				PRODUCT_NAME = BXYouTubeSharing;
				SKIP_INSTALL = YES;
				TARGETED_DEVICE_FAMILY = "1,2";
				VERSIONING_SYSTEM = "apple-generic";
				VERSION_INFO_PREFIX = "";
			};
			name = Release;
		};
		D05AB1C0225F49AA00205C7F /* Debug */ = {
			isa = XCBuildConfiguration;
			buildSettings = {
				ALWAYS_EMBED_SWIFT_STANDARD_LIBRARIES = YES;
				CODE_SIGN_STYLE = Automatic;
				DEVELOPMENT_TEAM = 6372P8EH2J;
				INFOPLIST_FILE = Tests/Info.plist;
				LD_RUNPATH_SEARCH_PATHS = (
					"$(inherited)",
					"@executable_path/Frameworks",
					"@loader_path/Frameworks",
				);
				PRODUCT_BUNDLE_IDENTIFIER = "com.boinx.BXYouTubeSharing-FrameworkTests";
				PRODUCT_NAME = "$(TARGET_NAME)";
				SWIFT_VERSION = 5.0;
				TARGETED_DEVICE_FAMILY = "1,2";
				TEST_HOST = "$(BUILT_PRODUCTS_DIR)/BXYouTubeSharing-TestApp.app/BXYouTubeSharing-TestApp";
			};
			name = Debug;
		};
		D05AB1C1225F49AA00205C7F /* Release */ = {
			isa = XCBuildConfiguration;
			buildSettings = {
				ALWAYS_EMBED_SWIFT_STANDARD_LIBRARIES = YES;
				CODE_SIGN_STYLE = Automatic;
				DEVELOPMENT_TEAM = 6372P8EH2J;
				INFOPLIST_FILE = Tests/Info.plist;
				LD_RUNPATH_SEARCH_PATHS = (
					"$(inherited)",
					"@executable_path/Frameworks",
					"@loader_path/Frameworks",
				);
				PRODUCT_BUNDLE_IDENTIFIER = "com.boinx.BXYouTubeSharing-FrameworkTests";
				PRODUCT_NAME = "$(TARGET_NAME)";
				SWIFT_VERSION = 5.0;
				TARGETED_DEVICE_FAMILY = "1,2";
				TEST_HOST = "$(BUILT_PRODUCTS_DIR)/BXYouTubeSharing-TestApp.app/BXYouTubeSharing-TestApp";
			};
			name = Release;
		};
		D05AB1DB225F913700205C7F /* Debug */ = {
			isa = XCBuildConfiguration;
			buildSettings = {
				CODE_SIGN_STYLE = Automatic;
				DEVELOPMENT_TEAM = 6372P8EH2J;
				INFOPLIST_FILE = Extension/Info.plist;
				LD_RUNPATH_SEARCH_PATHS = (
					"$(inherited)",
					"@executable_path/Frameworks",
					"@executable_path/../../Frameworks",
				);
				PRODUCT_BUNDLE_IDENTIFIER = "com.boinx.BXYouTubeSharing-App.Extension";
				PRODUCT_NAME = "$(TARGET_NAME)";
				SKIP_INSTALL = YES;
				TARGETED_DEVICE_FAMILY = "1,2";
			};
			name = Debug;
		};
		D05AB1DC225F913700205C7F /* Release */ = {
			isa = XCBuildConfiguration;
			buildSettings = {
				CODE_SIGN_STYLE = Automatic;
				DEVELOPMENT_TEAM = 6372P8EH2J;
				INFOPLIST_FILE = Extension/Info.plist;
				LD_RUNPATH_SEARCH_PATHS = (
					"$(inherited)",
					"@executable_path/Frameworks",
					"@executable_path/../../Frameworks",
				);
				PRODUCT_BUNDLE_IDENTIFIER = "com.boinx.BXYouTubeSharing-App.Extension";
				PRODUCT_NAME = "$(TARGET_NAME)";
				SKIP_INSTALL = YES;
				TARGETED_DEVICE_FAMILY = "1,2";
			};
			name = Release;
		};
/* End XCBuildConfiguration section */

/* Begin XCConfigurationList section */
		D05AB12E225DF48100205C7F /* Build configuration list for PBXProject "BXYouTubeSharing" */ = {
			isa = XCConfigurationList;
			buildConfigurations = (
				D05AB143225DF48300205C7F /* Debug */,
				D05AB144225DF48300205C7F /* Release */,
			);
			defaultConfigurationIsVisible = 0;
			defaultConfigurationName = Release;
		};
		D05AB19C225F48F400205C7F /* Build configuration list for PBXNativeTarget "BXYouTubeSharing-App" */ = {
			isa = XCConfigurationList;
			buildConfigurations = (
				D05AB19D225F48F400205C7F /* Debug */,
				D05AB19E225F48F400205C7F /* Release */,
			);
			defaultConfigurationIsVisible = 0;
			defaultConfigurationName = Release;
		};
		D05AB1BB225F49AA00205C7F /* Build configuration list for PBXNativeTarget "BXYouTubeSharing-Framework" */ = {
			isa = XCConfigurationList;
			buildConfigurations = (
				D05AB1BC225F49AA00205C7F /* Debug */,
				D05AB1BD225F49AA00205C7F /* Release */,
			);
			defaultConfigurationIsVisible = 0;
			defaultConfigurationName = Release;
		};
		D05AB1BF225F49AA00205C7F /* Build configuration list for PBXNativeTarget "BXYouTubeSharing-Tests" */ = {
			isa = XCConfigurationList;
			buildConfigurations = (
				D05AB1C0225F49AA00205C7F /* Debug */,
				D05AB1C1225F49AA00205C7F /* Release */,
			);
			defaultConfigurationIsVisible = 0;
			defaultConfigurationName = Release;
		};
		D05AB1DA225F913700205C7F /* Build configuration list for PBXNativeTarget "BXYouTubeSharing-Extension" */ = {
			isa = XCConfigurationList;
			buildConfigurations = (
				D05AB1DB225F913700205C7F /* Debug */,
				D05AB1DC225F913700205C7F /* Release */,
			);
			defaultConfigurationIsVisible = 0;
			defaultConfigurationName = Release;
		};
/* End XCConfigurationList section */
	};
	rootObject = D05AB12B225DF48100205C7F /* Project object */;
}
